
Microsoft Visual Studio Solution File, Format Version 12.00
# Visual Studio Version 17
VisualStudioVersion = 17.11.35219.272
MinimumVisualStudioVersion = 10.0.40219.1
Project("{FAE04EC0-301F-11D3-BF4B-00C04F79EFBC}") = "ProyectoN1", "ProyectoN1\ProyectoN1.csproj", "{20410A08-0E69-463C-AAF3-54D6A20A70DB}"
EndProject
Global
	GlobalSection(SolutionConfigurationPlatforms) = preSolution
		Debug|Any CPU = Debug|Any CPU
		Release|Any CPU = Release|Any CPU
	EndGlobalSection
	GlobalSection(ProjectConfigurationPlatforms) = postSolution
		{20410A08-0E69-463C-AAF3-54D6A20A70DB}.Debug|Any CPU.ActiveCfg = Debug|Any CPU
		{20410A08-0E69-463C-AAF3-54D6A20A70DB}.Debug|Any CPU.Build.0 = Debug|Any CPU
		{20410A08-0E69-463C-AAF3-54D6A20A70DB}.Release|Any CPU.ActiveCfg = Release|Any CPU
		{20410A08-0E69-463C-AAF3-54D6A20A70DB}.Release|Any CPU.Build.0 = Release|Any CPU
	EndGlobalSection
	GlobalSection(SolutionProperties) = preSolution
		HideSolutionNode = FALSE
	EndGlobalSection
	GlobalSection(ExtensibilityGlobals) = postSolution
		SolutionGuid = {3C2F175F-D3E9-4D4B-AA3D-F7BECC4FA269}
	EndGlobalSection
EndGlobal
