
Microsoft Visual Studio Solution File, Format Version 12.00
# Visual Studio Version 17
VisualStudioVersion = 17.4.33213.308
MinimumVisualStudioVersion = 10.0.40219.1
Project("{FAE04EC0-301F-11D3-BF4B-00C04F79EFBC}") = "Tienda", "Tienda - Q1-24\Tienda.csproj", "{BC89A058-3680-4786-A726-CAE94411C3C2}"
EndProject
Global
	GlobalSection(SolutionConfigurationPlatforms) = preSolution
		Debug|Any CPU = Debug|Any CPU
		Release|Any CPU = Release|Any CPU
	EndGlobalSection
	GlobalSection(ProjectConfigurationPlatforms) = postSolution
		{BC89A058-3680-4786-A726-CAE94411C3C2}.Debug|Any CPU.ActiveCfg = Debug|Any CPU
		{BC89A058-3680-4786-A726-CAE94411C3C2}.Debug|Any CPU.Build.0 = Debug|Any CPU
		{BC89A058-3680-4786-A726-CAE94411C3C2}.Release|Any CPU.ActiveCfg = Release|Any CPU
		{BC89A058-3680-4786-A726-CAE94411C3C2}.Release|Any CPU.Build.0 = Release|Any CPU
	EndGlobalSection
	GlobalSection(SolutionProperties) = preSolution
		HideSolutionNode = FALSE
	EndGlobalSection
	GlobalSection(ExtensibilityGlobals) = postSolution
		SolutionGuid = {CD345FF6-E0B6-42E9-80EC-9ADD0BC3CA1C}
	EndGlobalSection
EndGlobal
